
Microsoft Visual Studio Solution File, Format Version 12.00
# Visual Studio Version 16
VisualStudioVersion = 16.0.31005.135
MinimumVisualStudioVersion = 10.0.40219.1
Project("{FAE04EC0-301F-11D3-BF4B-00C04F79EFBC}") = "PlagueGun", "PlagueGun\PlagueGun.csproj", "{8DC662E5-8697-4697-922E-5FD466333B61}"
EndProject
Global
	GlobalSection(SolutionConfigurationPlatforms) = preSolution
		Debug|Any CPU = Debug|Any CPU
		Release|Any CPU = Release|Any CPU
	EndGlobalSection
	GlobalSection(ProjectConfigurationPlatforms) = postSolution
		{8DC662E5-8697-4697-922E-5FD466333B61}.Debug|Any CPU.ActiveCfg = Debug|Any CPU
		{8DC662E5-8697-4697-922E-5FD466333B61}.Debug|Any CPU.Build.0 = Debug|Any CPU
		{8DC662E5-8697-4697-922E-5FD466333B61}.Release|Any CPU.ActiveCfg = Release|Any CPU
		{8DC662E5-8697-4697-922E-5FD466333B61}.Release|Any CPU.Build.0 = Release|Any CPU
	EndGlobalSection
	GlobalSection(SolutionProperties) = preSolution
		HideSolutionNode = FALSE
	EndGlobalSection
	GlobalSection(ExtensibilityGlobals) = postSolution
		SolutionGuid = {121A1D5F-A3C7-4837-9A98-F6BD77436401}
	EndGlobalSection
EndGlobal
